
Microsoft Visual Studio Solution File, Format Version 12.00
# Visual Studio Version 17
VisualStudioVersion = 17.0.31903.59
MinimumVisualStudioVersion = 10.0.40219.1
Project("{9A19103F-16F7-4668-BE54-9A1E7A4F7556}") = "ProtonDrive.App", "src\ProtonDrive.App\ProtonDrive.App.csproj", "{E4096057-8819-41BF-B07F-53329E9F89AD}"
EndProject
Project("{9A19103F-16F7-4668-BE54-9A1E7A4F7556}") = "ProtonDrive.App.Windows", "src\ProtonDrive.App.Windows\ProtonDrive.App.Windows.csproj", "{F0FAFBD4-E74A-4AE7-9E67-2CE3BDEBF1D9}"
EndProject
Project("{9A19103F-16F7-4668-BE54-9A1E7A4F7556}") = "ProtonDrive.Client", "src\ProtonDrive.Client\ProtonDrive.Client.csproj", "{0C942AC1-3F0A-4BA3-8180-1B2B3B4822D6}"
EndProject
Project("{9A19103F-16F7-4668-BE54-9A1E7A4F7556}") = "ProtonDrive.DataAccess", "src\ProtonDrive.DataAccess\ProtonDrive.DataAccess.csproj", "{985F4C6D-83E6-49B3-B763-6D9CCC265B52}"
EndProject
Project("{FAE04EC0-301F-11D3-BF4B-00C04F79EFBC}") = "ProtonDrive.Native.Windows", "src\ProtonDrive.Native.Windows\ProtonDrive.Native.Windows.csproj", "{A78CAB39-BD65-48F3-A47A-9AA4AB81B1EC}"
EndProject
Project("{9A19103F-16F7-4668-BE54-9A1E7A4F7556}") = "ProtonDrive.Shared", "src\ProtonDrive.Shared\ProtonDrive.Shared.csproj", "{30997F6F-39D0-4E0C-8291-A255B9B57223}"
EndProject
Project("{9A19103F-16F7-4668-BE54-9A1E7A4F7556}") = "ProtonDrive.Sync.Adapter", "src\ProtonDrive.Sync.Adapter\ProtonDrive.Sync.Adapter.csproj", "{05A60847-A4FF-40D0-B328-A16EA7AFCE3C}"
EndProject
Project("{9A19103F-16F7-4668-BE54-9A1E7A4F7556}") = "ProtonDrive.Sync.Agent", "src\ProtonDrive.Sync.Agent\ProtonDrive.Sync.Agent.csproj", "{3133472F-0D40-4C5A-BEE3-42FA485E3E71}"
EndProject
Project("{9A19103F-16F7-4668-BE54-9A1E7A4F7556}") = "ProtonDrive.Sync.Engine", "src\ProtonDrive.Sync.Engine\ProtonDrive.Sync.Engine.csproj", "{205572F9-F036-4687-BE55-C9F562113C72}"
EndProject
Project("{9A19103F-16F7-4668-BE54-9A1E7A4F7556}") = "ProtonDrive.Sync.Shared", "src\ProtonDrive.Sync.Shared\ProtonDrive.Sync.Shared.csproj", "{C8AE02C5-3143-4EC8-9631-3F83378F2023}"
EndProject
Project("{9A19103F-16F7-4668-BE54-9A1E7A4F7556}") = "ProtonDrive.Sync.Windows", "src\ProtonDrive.Sync.Windows\ProtonDrive.Sync.Windows.csproj", "{FC2E0FD4-600D-4321-8664-34F69D3A2663}"
EndProject
Project("{9A19103F-16F7-4668-BE54-9A1E7A4F7556}") = "ProtonDrive.Update", "src\ProtonDrive.Update\ProtonDrive.Update.csproj", "{1E228976-E093-4D0E-933B-E4A0AA1BA09F}"
EndProject
Project("{2150E333-8FDC-42A3-9474-1A3956D46DE8}") = "Installer", "Installer", "{4D8B7B08-0FFD-4DC9-AD4D-CF00A37EA4FB}"
	ProjectSection(SolutionItems) = preProject
		installer\.editorconfig = installer\.editorconfig
	EndProjectSection
EndProject
Project("{B7DD6F7E-DEF8-4E67-B5B7-07EF123DB6F0}") = "ProtonDrive.Installer.Bundle", "installer\ProtonDrive.Installer.Bundle\ProtonDrive.Installer.Bundle.wixproj", "{993C5815-BDD1-4F8B-BAF2-80A9A176EA0A}"
EndProject
Project("{9A19103F-16F7-4668-BE54-9A1E7A4F7556}") = "ProtonDrive.Installer.Extensions", "installer\ProtonDrive.Installer.Extensions\ProtonDrive.Installer.Extensions.csproj", "{CFD50C36-4555-47F0-835E-35B98B50FCD3}"
EndProject
Project("{B7DD6F7E-DEF8-4E67-B5B7-07EF123DB6F0}") = "ProtonDrive.Installer.Package", "installer\ProtonDrive.Installer.Package\ProtonDrive.Installer.Package.wixproj", "{4AE7DFAE-0ADE-4DCA-B1AE-43E283B0DD46}"
EndProject
Project("{2150E333-8FDC-42A3-9474-1A3956D46DE8}") = "Configuration", "Configuration", "{887F4EC1-53A6-4B13-9289-1786254CEA3B}"
	ProjectSection(SolutionItems) = preProject
		.editorconfig = .editorconfig
		.gitignore = .gitignore
		Directory.Build.props = Directory.Build.props
		Directory.Packages.props = Directory.Packages.props
		ProtonDrive.ruleset = ProtonDrive.ruleset
		Settings.XamlStyler = Settings.XamlStyler
	EndProjectSection
EndProject
Project("{2150E333-8FDC-42A3-9474-1A3956D46DE8}") = "App", "App", "{14090A5B-A4E5-4BA7-B0B9-DEE19377FD93}"
	ProjectSection(SolutionItems) = preProject
		src\.editorconfig = src\.editorconfig
		src\Directory.Build.props = src\Directory.Build.props
	EndProjectSection
EndProject
Project("{2150E333-8FDC-42A3-9474-1A3956D46DE8}") = "Documentation", "Documentation", "{37270FD1-F42B-46AC-805C-1A00FFC7B34E}"
	ProjectSection(SolutionItems) = preProject
		LICENSE-MIT.md = LICENSE-MIT.md
		LICENSE.md = LICENSE.md
		README.md = README.md
	EndProjectSection
EndProject
Global
	GlobalSection(SolutionConfigurationPlatforms) = preSolution
		Debug|Any CPU = Debug|Any CPU
		Debug|ARM64 = Debug|ARM64
		Debug|x64 = Debug|x64
		Debug|x86 = Debug|x86
		Release|Any CPU = Release|Any CPU
		Release|ARM64 = Release|ARM64
		Release|x64 = Release|x64
		Release|x86 = Release|x86
	EndGlobalSection
	GlobalSection(ProjectConfigurationPlatforms) = postSolution
		{E4096057-8819-41BF-B07F-53329E9F89AD}.Debug|Any CPU.ActiveCfg = Debug|Any CPU
		{E4096057-8819-41BF-B07F-53329E9F89AD}.Debug|Any CPU.Build.0 = Debug|Any CPU
		{E4096057-8819-41BF-B07F-53329E9F89AD}.Debug|ARM64.ActiveCfg = Debug|Any CPU
		{E4096057-8819-41BF-B07F-53329E9F89AD}.Debug|ARM64.Build.0 = Debug|Any CPU
		{E4096057-8819-41BF-B07F-53329E9F89AD}.Debug|x64.ActiveCfg = Debug|Any CPU
		{E4096057-8819-41BF-B07F-53329E9F89AD}.Debug|x64.Build.0 = Debug|Any CPU
		{E4096057-8819-41BF-B07F-53329E9F89AD}.Debug|x86.ActiveCfg = Debug|Any CPU
		{E4096057-8819-41BF-B07F-53329E9F89AD}.Debug|x86.Build.0 = Debug|Any CPU
		{E4096057-8819-41BF-B07F-53329E9F89AD}.Release|Any CPU.ActiveCfg = Release|Any CPU
		{E4096057-8819-41BF-B07F-53329E9F89AD}.Release|Any CPU.Build.0 = Release|Any CPU
		{E4096057-8819-41BF-B07F-53329E9F89AD}.Release|ARM64.ActiveCfg = Release|Any CPU
		{E4096057-8819-41BF-B07F-53329E9F89AD}.Release|ARM64.Build.0 = Release|Any CPU
		{E4096057-8819-41BF-B07F-53329E9F89AD}.Release|x64.ActiveCfg = Release|Any CPU
		{E4096057-8819-41BF-B07F-53329E9F89AD}.Release|x64.Build.0 = Release|Any CPU
		{E4096057-8819-41BF-B07F-53329E9F89AD}.Release|x86.ActiveCfg = Release|Any CPU
		{E4096057-8819-41BF-B07F-53329E9F89AD}.Release|x86.Build.0 = Release|Any CPU
		{F0FAFBD4-E74A-4AE7-9E67-2CE3BDEBF1D9}.Debug|Any CPU.ActiveCfg = Debug|Any CPU
		{F0FAFBD4-E74A-4AE7-9E67-2CE3BDEBF1D9}.Debug|Any CPU.Build.0 = Debug|Any CPU
		{F0FAFBD4-E74A-4AE7-9E67-2CE3BDEBF1D9}.Debug|ARM64.ActiveCfg = Debug|ARM64
		{F0FAFBD4-E74A-4AE7-9E67-2CE3BDEBF1D9}.Debug|ARM64.Build.0 = Debug|ARM64
		{F0FAFBD4-E74A-4AE7-9E67-2CE3BDEBF1D9}.Debug|x64.ActiveCfg = Debug|x64
		{F0FAFBD4-E74A-4AE7-9E67-2CE3BDEBF1D9}.Debug|x64.Build.0 = Debug|x64
		{F0FAFBD4-E74A-4AE7-9E67-2CE3BDEBF1D9}.Debug|x86.ActiveCfg = Debug|x86
		{F0FAFBD4-E74A-4AE7-9E67-2CE3BDEBF1D9}.Debug|x86.Build.0 = Debug|x86
		{F0FAFBD4-E74A-4AE7-9E67-2CE3BDEBF1D9}.Release|Any CPU.ActiveCfg = Release|Any CPU
		{F0FAFBD4-E74A-4AE7-9E67-2CE3BDEBF1D9}.Release|Any CPU.Build.0 = Release|Any CPU
		{F0FAFBD4-E74A-4AE7-9E67-2CE3BDEBF1D9}.Release|ARM64.ActiveCfg = Release|ARM64
		{F0FAFBD4-E74A-4AE7-9E67-2CE3BDEBF1D9}.Release|ARM64.Build.0 = Release|ARM64
		{F0FAFBD4-E74A-4AE7-9E67-2CE3BDEBF1D9}.Release|x64.ActiveCfg = Release|x64
		{F0FAFBD4-E74A-4AE7-9E67-2CE3BDEBF1D9}.Release|x64.Build.0 = Release|x64
		{F0FAFBD4-E74A-4AE7-9E67-2CE3BDEBF1D9}.Release|x86.ActiveCfg = Release|x86
		{F0FAFBD4-E74A-4AE7-9E67-2CE3BDEBF1D9}.Release|x86.Build.0 = Release|x86
		{0C942AC1-3F0A-4BA3-8180-1B2B3B4822D6}.Debug|Any CPU.ActiveCfg = Debug|Any CPU
		{0C942AC1-3F0A-4BA3-8180-1B2B3B4822D6}.Debug|Any CPU.Build.0 = Debug|Any CPU
		{0C942AC1-3F0A-4BA3-8180-1B2B3B4822D6}.Debug|ARM64.ActiveCfg = Debug|Any CPU
		{0C942AC1-3F0A-4BA3-8180-1B2B3B4822D6}.Debug|ARM64.Build.0 = Debug|Any CPU
		{0C942AC1-3F0A-4BA3-8180-1B2B3B4822D6}.Debug|x64.ActiveCfg = Debug|Any CPU
		{0C942AC1-3F0A-4BA3-8180-1B2B3B4822D6}.Debug|x64.Build.0 = Debug|Any CPU
		{0C942AC1-3F0A-4BA3-8180-1B2B3B4822D6}.Debug|x86.ActiveCfg = Debug|Any CPU
		{0C942AC1-3F0A-4BA3-8180-1B2B3B4822D6}.Debug|x86.Build.0 = Debug|Any CPU
		{0C942AC1-3F0A-4BA3-8180-1B2B3B4822D6}.Release|Any CPU.ActiveCfg = Release|Any CPU
		{0C942AC1-3F0A-4BA3-8180-1B2B3B4822D6}.Release|Any CPU.Build.0 = Release|Any CPU
		{0C942AC1-3F0A-4BA3-8180-1B2B3B4822D6}.Release|ARM64.ActiveCfg = Release|Any CPU
		{0C942AC1-3F0A-4BA3-8180-1B2B3B4822D6}.Release|ARM64.Build.0 = Release|Any CPU
		{0C942AC1-3F0A-4BA3-8180-1B2B3B4822D6}.Release|x64.ActiveCfg = Release|Any CPU
		{0C942AC1-3F0A-4BA3-8180-1B2B3B4822D6}.Release|x64.Build.0 = Release|Any CPU
		{0C942AC1-3F0A-4BA3-8180-1B2B3B4822D6}.Release|x86.ActiveCfg = Release|Any CPU
		{0C942AC1-3F0A-4BA3-8180-1B2B3B4822D6}.Release|x86.Build.0 = Release|Any CPU
		{985F4C6D-83E6-49B3-B763-6D9CCC265B52}.Debug|Any CPU.ActiveCfg = Debug|Any CPU
		{985F4C6D-83E6-49B3-B763-6D9CCC265B52}.Debug|Any CPU.Build.0 = Debug|Any CPU
		{985F4C6D-83E6-49B3-B763-6D9CCC265B52}.Debug|ARM64.ActiveCfg = Debug|Any CPU
		{985F4C6D-83E6-49B3-B763-6D9CCC265B52}.Debug|ARM64.Build.0 = Debug|Any CPU
		{985F4C6D-83E6-49B3-B763-6D9CCC265B52}.Debug|x64.ActiveCfg = Debug|Any CPU
		{985F4C6D-83E6-49B3-B763-6D9CCC265B52}.Debug|x64.Build.0 = Debug|Any CPU
		{985F4C6D-83E6-49B3-B763-6D9CCC265B52}.Debug|x86.ActiveCfg = Debug|Any CPU
		{985F4C6D-83E6-49B3-B763-6D9CCC265B52}.Debug|x86.Build.0 = Debug|Any CPU
		{985F4C6D-83E6-49B3-B763-6D9CCC265B52}.Release|Any CPU.ActiveCfg = Release|Any CPU
		{985F4C6D-83E6-49B3-B763-6D9CCC265B52}.Release|Any CPU.Build.0 = Release|Any CPU
		{985F4C6D-83E6-49B3-B763-6D9CCC265B52}.Release|ARM64.ActiveCfg = Release|Any CPU
		{985F4C6D-83E6-49B3-B763-6D9CCC265B52}.Release|ARM64.Build.0 = Release|Any CPU
		{985F4C6D-83E6-49B3-B763-6D9CCC265B52}.Release|x64.ActiveCfg = Release|Any CPU
		{985F4C6D-83E6-49B3-B763-6D9CCC265B52}.Release|x64.Build.0 = Release|Any CPU
		{985F4C6D-83E6-49B3-B763-6D9CCC265B52}.Release|x86.ActiveCfg = Release|Any CPU
		{985F4C6D-83E6-49B3-B763-6D9CCC265B52}.Release|x86.Build.0 = Release|Any CPU
		{A78CAB39-BD65-48F3-A47A-9AA4AB81B1EC}.Debug|Any CPU.ActiveCfg = Debug|Any CPU
		{A78CAB39-BD65-48F3-A47A-9AA4AB81B1EC}.Debug|Any CPU.Build.0 = Debug|Any CPU
		{A78CAB39-BD65-48F3-A47A-9AA4AB81B1EC}.Debug|ARM64.ActiveCfg = Debug|Any CPU
		{A78CAB39-BD65-48F3-A47A-9AA4AB81B1EC}.Debug|ARM64.Build.0 = Debug|Any CPU
		{A78CAB39-BD65-48F3-A47A-9AA4AB81B1EC}.Debug|x64.ActiveCfg = Debug|Any CPU
		{A78CAB39-BD65-48F3-A47A-9AA4AB81B1EC}.Debug|x64.Build.0 = Debug|Any CPU
		{A78CAB39-BD65-48F3-A47A-9AA4AB81B1EC}.Debug|x86.ActiveCfg = Debug|Any CPU
		{A78CAB39-BD65-48F3-A47A-9AA4AB81B1EC}.Debug|x86.Build.0 = Debug|Any CPU
		{A78CAB39-BD65-48F3-A47A-9AA4AB81B1EC}.Release|Any CPU.ActiveCfg = Release|Any CPU
		{A78CAB39-BD65-48F3-A47A-9AA4AB81B1EC}.Release|Any CPU.Build.0 = Release|Any CPU
		{A78CAB39-BD65-48F3-A47A-9AA4AB81B1EC}.Release|ARM64.ActiveCfg = Release|Any CPU
		{A78CAB39-BD65-48F3-A47A-9AA4AB81B1EC}.Release|ARM64.Build.0 = Release|Any CPU
		{A78CAB39-BD65-48F3-A47A-9AA4AB81B1EC}.Release|x64.ActiveCfg = Release|Any CPU
		{A78CAB39-BD65-48F3-A47A-9AA4AB81B1EC}.Release|x64.Build.0 = Release|Any CPU
		{A78CAB39-BD65-48F3-A47A-9AA4AB81B1EC}.Release|x86.ActiveCfg = Release|Any CPU
		{A78CAB39-BD65-48F3-A47A-9AA4AB81B1EC}.Release|x86.Build.0 = Release|Any CPU
		{30997F6F-39D0-4E0C-8291-A255B9B57223}.Debug|Any CPU.ActiveCfg = Debug|Any CPU
		{30997F6F-39D0-4E0C-8291-A255B9B57223}.Debug|Any CPU.Build.0 = Debug|Any CPU
		{30997F6F-39D0-4E0C-8291-A255B9B57223}.Debug|ARM64.ActiveCfg = Debug|Any CPU
		{30997F6F-39D0-4E0C-8291-A255B9B57223}.Debug|ARM64.Build.0 = Debug|Any CPU
		{30997F6F-39D0-4E0C-8291-A255B9B57223}.Debug|x64.ActiveCfg = Debug|Any CPU
		{30997F6F-39D0-4E0C-8291-A255B9B57223}.Debug|x64.Build.0 = Debug|Any CPU
		{30997F6F-39D0-4E0C-8291-A255B9B57223}.Debug|x86.ActiveCfg = Debug|Any CPU
		{30997F6F-39D0-4E0C-8291-A255B9B57223}.Debug|x86.Build.0 = Debug|Any CPU
		{30997F6F-39D0-4E0C-8291-A255B9B57223}.Release|Any CPU.ActiveCfg = Release|Any CPU
		{30997F6F-39D0-4E0C-8291-A255B9B57223}.Release|Any CPU.Build.0 = Release|Any CPU
		{30997F6F-39D0-4E0C-8291-A255B9B57223}.Release|ARM64.ActiveCfg = Release|Any CPU
		{30997F6F-39D0-4E0C-8291-A255B9B57223}.Release|ARM64.Build.0 = Release|Any CPU
		{30997F6F-39D0-4E0C-8291-A255B9B57223}.Release|x64.ActiveCfg = Release|Any CPU
		{30997F6F-39D0-4E0C-8291-A255B9B57223}.Release|x64.Build.0 = Release|Any CPU
		{30997F6F-39D0-4E0C-8291-A255B9B57223}.Release|x86.ActiveCfg = Release|Any CPU
		{30997F6F-39D0-4E0C-8291-A255B9B57223}.Release|x86.Build.0 = Release|Any CPU
		{05A60847-A4FF-40D0-B328-A16EA7AFCE3C}.Debug|Any CPU.ActiveCfg = Debug|Any CPU
		{05A60847-A4FF-40D0-B328-A16EA7AFCE3C}.Debug|Any CPU.Build.0 = Debug|Any CPU
		{05A60847-A4FF-40D0-B328-A16EA7AFCE3C}.Debug|ARM64.ActiveCfg = Debug|Any CPU
		{05A60847-A4FF-40D0-B328-A16EA7AFCE3C}.Debug|ARM64.Build.0 = Debug|Any CPU
		{05A60847-A4FF-40D0-B328-A16EA7AFCE3C}.Debug|x64.ActiveCfg = Debug|Any CPU
		{05A60847-A4FF-40D0-B328-A16EA7AFCE3C}.Debug|x64.Build.0 = Debug|Any CPU
		{05A60847-A4FF-40D0-B328-A16EA7AFCE3C}.Debug|x86.ActiveCfg = Debug|Any CPU
		{05A60847-A4FF-40D0-B328-A16EA7AFCE3C}.Debug|x86.Build.0 = Debug|Any CPU
		{05A60847-A4FF-40D0-B328-A16EA7AFCE3C}.Release|Any CPU.ActiveCfg = Release|Any CPU
		{05A60847-A4FF-40D0-B328-A16EA7AFCE3C}.Release|Any CPU.Build.0 = Release|Any CPU
		{05A60847-A4FF-40D0-B328-A16EA7AFCE3C}.Release|ARM64.ActiveCfg = Release|Any CPU
		{05A60847-A4FF-40D0-B328-A16EA7AFCE3C}.Release|ARM64.Build.0 = Release|Any CPU
		{05A60847-A4FF-40D0-B328-A16EA7AFCE3C}.Release|x64.ActiveCfg = Release|Any CPU
		{05A60847-A4FF-40D0-B328-A16EA7AFCE3C}.Release|x64.Build.0 = Release|Any CPU
		{05A60847-A4FF-40D0-B328-A16EA7AFCE3C}.Release|x86.ActiveCfg = Release|Any CPU
		{05A60847-A4FF-40D0-B328-A16EA7AFCE3C}.Release|x86.Build.0 = Release|Any CPU
		{3133472F-0D40-4C5A-BEE3-42FA485E3E71}.Debug|Any CPU.ActiveCfg = Debug|Any CPU
		{3133472F-0D40-4C5A-BEE3-42FA485E3E71}.Debug|Any CPU.Build.0 = Debug|Any CPU
		{3133472F-0D40-4C5A-BEE3-42FA485E3E71}.Debug|ARM64.ActiveCfg = Debug|Any CPU
		{3133472F-0D40-4C5A-BEE3-42FA485E3E71}.Debug|ARM64.Build.0 = Debug|Any CPU
		{3133472F-0D40-4C5A-BEE3-42FA485E3E71}.Debug|x64.ActiveCfg = Debug|Any CPU
		{3133472F-0D40-4C5A-BEE3-42FA485E3E71}.Debug|x64.Build.0 = Debug|Any CPU
		{3133472F-0D40-4C5A-BEE3-42FA485E3E71}.Debug|x86.ActiveCfg = Debug|Any CPU
		{3133472F-0D40-4C5A-BEE3-42FA485E3E71}.Debug|x86.Build.0 = Debug|Any CPU
		{3133472F-0D40-4C5A-BEE3-42FA485E3E71}.Release|Any CPU.ActiveCfg = Release|Any CPU
		{3133472F-0D40-4C5A-BEE3-42FA485E3E71}.Release|Any CPU.Build.0 = Release|Any CPU
		{3133472F-0D40-4C5A-BEE3-42FA485E3E71}.Release|ARM64.ActiveCfg = Release|Any CPU
		{3133472F-0D40-4C5A-BEE3-42FA485E3E71}.Release|ARM64.Build.0 = Release|Any CPU
		{3133472F-0D40-4C5A-BEE3-42FA485E3E71}.Release|x64.ActiveCfg = Release|Any CPU
		{3133472F-0D40-4C5A-BEE3-42FA485E3E71}.Release|x64.Build.0 = Release|Any CPU
		{3133472F-0D40-4C5A-BEE3-42FA485E3E71}.Release|x86.ActiveCfg = Release|Any CPU
		{3133472F-0D40-4C5A-BEE3-42FA485E3E71}.Release|x86.Build.0 = Release|Any CPU
		{205572F9-F036-4687-BE55-C9F562113C72}.Debug|Any CPU.ActiveCfg = Debug|Any CPU
		{205572F9-F036-4687-BE55-C9F562113C72}.Debug|Any CPU.Build.0 = Debug|Any CPU
		{205572F9-F036-4687-BE55-C9F562113C72}.Debug|ARM64.ActiveCfg = Debug|Any CPU
		{205572F9-F036-4687-BE55-C9F562113C72}.Debug|ARM64.Build.0 = Debug|Any CPU
		{205572F9-F036-4687-BE55-C9F562113C72}.Debug|x64.ActiveCfg = Debug|Any CPU
		{205572F9-F036-4687-BE55-C9F562113C72}.Debug|x64.Build.0 = Debug|Any CPU
		{205572F9-F036-4687-BE55-C9F562113C72}.Debug|x86.ActiveCfg = Debug|Any CPU
		{205572F9-F036-4687-BE55-C9F562113C72}.Debug|x86.Build.0 = Debug|Any CPU
		{205572F9-F036-4687-BE55-C9F562113C72}.Release|Any CPU.ActiveCfg = Release|Any CPU
		{205572F9-F036-4687-BE55-C9F562113C72}.Release|Any CPU.Build.0 = Release|Any CPU
		{205572F9-F036-4687-BE55-C9F562113C72}.Release|ARM64.ActiveCfg = Release|Any CPU
		{205572F9-F036-4687-BE55-C9F562113C72}.Release|ARM64.Build.0 = Release|Any CPU
		{205572F9-F036-4687-BE55-C9F562113C72}.Release|x64.ActiveCfg = Release|Any CPU
		{205572F9-F036-4687-BE55-C9F562113C72}.Release|x64.Build.0 = Release|Any CPU
		{205572F9-F036-4687-BE55-C9F562113C72}.Release|x86.ActiveCfg = Release|Any CPU
		{205572F9-F036-4687-BE55-C9F562113C72}.Release|x86.Build.0 = Release|Any CPU
		{C8AE02C5-3143-4EC8-9631-3F83378F2023}.Debug|Any CPU.ActiveCfg = Debug|Any CPU
		{C8AE02C5-3143-4EC8-9631-3F83378F2023}.Debug|Any CPU.Build.0 = Debug|Any CPU
		{C8AE02C5-3143-4EC8-9631-3F83378F2023}.Debug|ARM64.ActiveCfg = Debug|Any CPU
		{C8AE02C5-3143-4EC8-9631-3F83378F2023}.Debug|ARM64.Build.0 = Debug|Any CPU
		{C8AE02C5-3143-4EC8-9631-3F83378F2023}.Debug|x64.ActiveCfg = Debug|Any CPU
		{C8AE02C5-3143-4EC8-9631-3F83378F2023}.Debug|x64.Build.0 = Debug|Any CPU
		{C8AE02C5-3143-4EC8-9631-3F83378F2023}.Debug|x86.ActiveCfg = Debug|Any CPU
		{C8AE02C5-3143-4EC8-9631-3F83378F2023}.Debug|x86.Build.0 = Debug|Any CPU
		{C8AE02C5-3143-4EC8-9631-3F83378F2023}.Release|Any CPU.ActiveCfg = Release|Any CPU
		{C8AE02C5-3143-4EC8-9631-3F83378F2023}.Release|Any CPU.Build.0 = Release|Any CPU
		{C8AE02C5-3143-4EC8-9631-3F83378F2023}.Release|ARM64.ActiveCfg = Release|Any CPU
		{C8AE02C5-3143-4EC8-9631-3F83378F2023}.Release|ARM64.Build.0 = Release|Any CPU
		{C8AE02C5-3143-4EC8-9631-3F83378F2023}.Release|x64.ActiveCfg = Release|Any CPU
		{C8AE02C5-3143-4EC8-9631-3F83378F2023}.Release|x64.Build.0 = Release|Any CPU
		{C8AE02C5-3143-4EC8-9631-3F83378F2023}.Release|x86.ActiveCfg = Release|Any CPU
		{C8AE02C5-3143-4EC8-9631-3F83378F2023}.Release|x86.Build.0 = Release|Any CPU
		{FC2E0FD4-600D-4321-8664-34F69D3A2663}.Debug|Any CPU.ActiveCfg = Debug|Any CPU
		{FC2E0FD4-600D-4321-8664-34F69D3A2663}.Debug|Any CPU.Build.0 = Debug|Any CPU
		{FC2E0FD4-600D-4321-8664-34F69D3A2663}.Debug|ARM64.ActiveCfg = Debug|Any CPU
		{FC2E0FD4-600D-4321-8664-34F69D3A2663}.Debug|ARM64.Build.0 = Debug|Any CPU
		{FC2E0FD4-600D-4321-8664-34F69D3A2663}.Debug|x64.ActiveCfg = Debug|Any CPU
		{FC2E0FD4-600D-4321-8664-34F69D3A2663}.Debug|x64.Build.0 = Debug|Any CPU
		{FC2E0FD4-600D-4321-8664-34F69D3A2663}.Debug|x86.ActiveCfg = Debug|Any CPU
		{FC2E0FD4-600D-4321-8664-34F69D3A2663}.Debug|x86.Build.0 = Debug|Any CPU
		{FC2E0FD4-600D-4321-8664-34F69D3A2663}.Release|Any CPU.ActiveCfg = Release|Any CPU
		{FC2E0FD4-600D-4321-8664-34F69D3A2663}.Release|Any CPU.Build.0 = Release|Any CPU
		{FC2E0FD4-600D-4321-8664-34F69D3A2663}.Release|ARM64.ActiveCfg = Release|Any CPU
		{FC2E0FD4-600D-4321-8664-34F69D3A2663}.Release|ARM64.Build.0 = Release|Any CPU
		{FC2E0FD4-600D-4321-8664-34F69D3A2663}.Release|x64.ActiveCfg = Release|Any CPU
		{FC2E0FD4-600D-4321-8664-34F69D3A2663}.Release|x64.Build.0 = Release|Any CPU
		{FC2E0FD4-600D-4321-8664-34F69D3A2663}.Release|x86.ActiveCfg = Release|Any CPU
		{FC2E0FD4-600D-4321-8664-34F69D3A2663}.Release|x86.Build.0 = Release|Any CPU
		{1E228976-E093-4D0E-933B-E4A0AA1BA09F}.Debug|Any CPU.ActiveCfg = Debug|Any CPU
		{1E228976-E093-4D0E-933B-E4A0AA1BA09F}.Debug|Any CPU.Build.0 = Debug|Any CPU
		{1E228976-E093-4D0E-933B-E4A0AA1BA09F}.Debug|ARM64.ActiveCfg = Debug|Any CPU
		{1E228976-E093-4D0E-933B-E4A0AA1BA09F}.Debug|ARM64.Build.0 = Debug|Any CPU
		{1E228976-E093-4D0E-933B-E4A0AA1BA09F}.Debug|x64.ActiveCfg = Debug|Any CPU
		{1E228976-E093-4D0E-933B-E4A0AA1BA09F}.Debug|x64.Build.0 = Debug|Any CPU
		{1E228976-E093-4D0E-933B-E4A0AA1BA09F}.Debug|x86.ActiveCfg = Debug|Any CPU
		{1E228976-E093-4D0E-933B-E4A0AA1BA09F}.Debug|x86.Build.0 = Debug|Any CPU
		{1E228976-E093-4D0E-933B-E4A0AA1BA09F}.Release|Any CPU.ActiveCfg = Release|Any CPU
		{1E228976-E093-4D0E-933B-E4A0AA1BA09F}.Release|Any CPU.Build.0 = Release|Any CPU
		{1E228976-E093-4D0E-933B-E4A0AA1BA09F}.Release|ARM64.ActiveCfg = Release|Any CPU
		{1E228976-E093-4D0E-933B-E4A0AA1BA09F}.Release|ARM64.Build.0 = Release|Any CPU
		{1E228976-E093-4D0E-933B-E4A0AA1BA09F}.Release|x64.ActiveCfg = Release|Any CPU
		{1E228976-E093-4D0E-933B-E4A0AA1BA09F}.Release|x64.Build.0 = Release|Any CPU
		{1E228976-E093-4D0E-933B-E4A0AA1BA09F}.Release|x86.ActiveCfg = Release|Any CPU
		{1E228976-E093-4D0E-933B-E4A0AA1BA09F}.Release|x86.Build.0 = Release|Any CPU
		{993C5815-BDD1-4F8B-BAF2-80A9A176EA0A}.Debug|Any CPU.ActiveCfg = Debug|x64
		{993C5815-BDD1-4F8B-BAF2-80A9A176EA0A}.Debug|ARM64.ActiveCfg = Debug|ARM64
		{993C5815-BDD1-4F8B-BAF2-80A9A176EA0A}.Debug|x64.ActiveCfg = Debug|x64
		{993C5815-BDD1-4F8B-BAF2-80A9A176EA0A}.Debug|x86.ActiveCfg = Debug|x86
		{993C5815-BDD1-4F8B-BAF2-80A9A176EA0A}.Release|Any CPU.ActiveCfg = Release|x64
		{993C5815-BDD1-4F8B-BAF2-80A9A176EA0A}.Release|ARM64.ActiveCfg = Release|ARM64
		{993C5815-BDD1-4F8B-BAF2-80A9A176EA0A}.Release|x64.ActiveCfg = Release|x64
		{993C5815-BDD1-4F8B-BAF2-80A9A176EA0A}.Release|x86.ActiveCfg = Release|x86
		{CFD50C36-4555-47F0-835E-35B98B50FCD3}.Debug|Any CPU.ActiveCfg = Debug|Any CPU
		{CFD50C36-4555-47F0-835E-35B98B50FCD3}.Debug|ARM64.ActiveCfg = Debug|Any CPU
		{CFD50C36-4555-47F0-835E-35B98B50FCD3}.Debug|x64.ActiveCfg = Debug|Any CPU
		{CFD50C36-4555-47F0-835E-35B98B50FCD3}.Debug|x86.ActiveCfg = Debug|Any CPU
		{CFD50C36-4555-47F0-835E-35B98B50FCD3}.Release|Any CPU.ActiveCfg = Release|Any CPU
		{CFD50C36-4555-47F0-835E-35B98B50FCD3}.Release|ARM64.ActiveCfg = Release|Any CPU
		{CFD50C36-4555-47F0-835E-35B98B50FCD3}.Release|x64.ActiveCfg = Release|Any CPU
		{CFD50C36-4555-47F0-835E-35B98B50FCD3}.Release|x86.ActiveCfg = Release|Any CPU
		{4AE7DFAE-0ADE-4DCA-B1AE-43E283B0DD46}.Debug|Any CPU.ActiveCfg = Debug|x64
		{4AE7DFAE-0ADE-4DCA-B1AE-43E283B0DD46}.Debug|ARM64.ActiveCfg = Debug|ARM64
		{4AE7DFAE-0ADE-4DCA-B1AE-43E283B0DD46}.Debug|x64.ActiveCfg = Debug|x64
		{4AE7DFAE-0ADE-4DCA-B1AE-43E283B0DD46}.Debug|x86.ActiveCfg = Debug|x86
		{4AE7DFAE-0ADE-4DCA-B1AE-43E283B0DD46}.Release|Any CPU.ActiveCfg = Release|x64
		{4AE7DFAE-0ADE-4DCA-B1AE-43E283B0DD46}.Release|ARM64.ActiveCfg = Release|ARM64
		{4AE7DFAE-0ADE-4DCA-B1AE-43E283B0DD46}.Release|x64.ActiveCfg = Release|x64
		{4AE7DFAE-0ADE-4DCA-B1AE-43E283B0DD46}.Release|x86.ActiveCfg = Release|x86
	EndGlobalSection
	GlobalSection(SolutionProperties) = preSolution
		HideSolutionNode = FALSE
	EndGlobalSection
	GlobalSection(NestedProjects) = preSolution
		{E4096057-8819-41BF-B07F-53329E9F89AD} = {14090A5B-A4E5-4BA7-B0B9-DEE19377FD93}
		{F0FAFBD4-E74A-4AE7-9E67-2CE3BDEBF1D9} = {14090A5B-A4E5-4BA7-B0B9-DEE19377FD93}
		{0C942AC1-3F0A-4BA3-8180-1B2B3B4822D6} = {14090A5B-A4E5-4BA7-B0B9-DEE19377FD93}
		{985F4C6D-83E6-49B3-B763-6D9CCC265B52} = {14090A5B-A4E5-4BA7-B0B9-DEE19377FD93}
		{A78CAB39-BD65-48F3-A47A-9AA4AB81B1EC} = {14090A5B-A4E5-4BA7-B0B9-DEE19377FD93}
		{30997F6F-39D0-4E0C-8291-A255B9B57223} = {14090A5B-A4E5-4BA7-B0B9-DEE19377FD93}
		{05A60847-A4FF-40D0-B328-A16EA7AFCE3C} = {14090A5B-A4E5-4BA7-B0B9-DEE19377FD93}
		{3133472F-0D40-4C5A-BEE3-42FA485E3E71} = {14090A5B-A4E5-4BA7-B0B9-DEE19377FD93}
		{205572F9-F036-4687-BE55-C9F562113C72} = {14090A5B-A4E5-4BA7-B0B9-DEE19377FD93}
		{C8AE02C5-3143-4EC8-9631-3F83378F2023} = {14090A5B-A4E5-4BA7-B0B9-DEE19377FD93}
		{FC2E0FD4-600D-4321-8664-34F69D3A2663} = {14090A5B-A4E5-4BA7-B0B9-DEE19377FD93}
		{1E228976-E093-4D0E-933B-E4A0AA1BA09F} = {14090A5B-A4E5-4BA7-B0B9-DEE19377FD93}
		{993C5815-BDD1-4F8B-BAF2-80A9A176EA0A} = {4D8B7B08-0FFD-4DC9-AD4D-CF00A37EA4FB}
		{CFD50C36-4555-47F0-835E-35B98B50FCD3} = {4D8B7B08-0FFD-4DC9-AD4D-CF00A37EA4FB}
		{4AE7DFAE-0ADE-4DCA-B1AE-43E283B0DD46} = {4D8B7B08-0FFD-4DC9-AD4D-CF00A37EA4FB}
	EndGlobalSection
	GlobalSection(ExtensibilityGlobals) = postSolution
		SolutionGuid = {EAC97EF1-9F01-45EF-A169-CC23DD956AE6}
	EndGlobalSection
EndGlobal
